{
  "version": 4,
  "terraform_version": "0.15.4",
  "serial": 4,
  "lineage": "956e04a8-ef5e-e187-ce81-3230c395cd00",
  "outputs": {},
  "resources": [
    {
      "mode": "managed",
      "type": "random_id",
      "name": "tf_bucket_id",
      "provider": "provider[\"registry.terraform.io/hashicorp/random\"]",
      "instances": [
        {
          "schema_version": 0,
          "attributes": {
            "b64_std": "QjE=",
            "b64_url": "QjE",
            "byte_length": 2,
            "dec": "16945",
            "hex": "4231",
            "id": "QjE",
            "keepers": null,
            "prefix": null
          },
          "sensitive_attributes": [],
          "private": "bnVsbA=="
        }
      ]
    }
  ]
}
