{
  "version": 4,
  "terraform_version": "0.15.4",
  "serial": 6,
  "lineage": "85bb831a-c29d-fc88-e97d-ff8e348adafe",
  "outputs": {
    "container_name": {
      "value": "blog_dev",
      "type": "string"
    }
  },
  "resources": [
    {
      "mode": "managed",
      "type": "docker_image",
      "name": "ghost_image",
      "provider": "provider[\"registry.terraform.io/kreuzwerker/docker\"]",
      "instances": [
        {
          "schema_version": 0,
          "attributes": {
            "build": [],
            "force_remove": null,
            "id": "sha256:c908524b592085e0095db3208cef17112d13eb6c5a56d870b576c79fa26e6032ghost:latest",
            "keep_locally": null,
            "latest": "sha256:c908524b592085e0095db3208cef17112d13eb6c5a56d870b576c79fa26e6032",
            "name": "ghost:latest",
            "output": null,
            "pull_trigger": null,
            "pull_triggers": null
          },
          "sensitive_attributes": [],
          "private": "bnVsbA=="
        }
      ]
    }
  ]
}
